{
  "name": "ajs-node",
  "version": "1.0.0",
  "lockfileVersion": 2,
  "requires": true,
  "packages": {
    "": {
      "name": "ajs-node",
      "version": "1.0.0",
      "license": "ISC",
      "dependencies": {
        "@eldsgn/ajs": "^1.0.0"
      }
    },
    "node_modules/@eldsgn/ajs": {
      "version": "1.0.0",
      "resolved": "https://npm.pkg.github.com/download/@eldsgn/ajs/1.0.0/58d9391e531bc8e499cefb8d20d9f2d3d33e3211",
      "integrity": "sha512-dc1RigmSsokqQFXAbj631fq4Mvk9zVwrJtd3GraYfUJaNAGrfODnTOrKQPijPmFHdX6x7XXMmd4ge3MT90qv1g==",
      "license": "ISC"
    }
  },
  "dependencies": {
    "@eldsgn/ajs": {
      "version": "1.0.0",
      "resolved": "https://npm.pkg.github.com/download/@eldsgn/ajs/1.0.0/58d9391e531bc8e499cefb8d20d9f2d3d33e3211",
      "integrity": "sha512-dc1RigmSsokqQFXAbj631fq4Mvk9zVwrJtd3GraYfUJaNAGrfODnTOrKQPijPmFHdX6x7XXMmd4ge3MT90qv1g=="
    }
  }
}
